{
  "name": "@amador.genially/roulette",
  "version": "1.0.0",
  "lockfileVersion": 2,
  "requires": true,
  "packages": {
    "": {
      "name": "@amador.genially/roulette",
      "version": "1.0.0",
      "license": "ISC",
      "devDependencies": {
        "serve": "^14.2.0"
      }
    },
    "node_modules/@zeit/schemas": {
      "version": "2.29.0",
      "dev": true,
      "license": "MIT"
    },
    "node_modules/accepts": {
      "version": "1.3.8",
      "dev": true,
      "license": "MIT",
      "dependencies": {
        "mime-types": "~2.1.34",
        "negotiator": "0.6.3"
      },
      "engines": {
        "node": ">= 0.6"
      }
    },
    "node_modules/accepts/node_modules/mime-types": {
      "version": "2.1.35",
      "dev": true,
      "license": "MIT",
      "dependencies": {
        "mime-db": "1.52.0"
      },
      "engines": {
        "node": ">= 0.6"
      }
    },
    "node_modules/ajv": {
      "version": "8.11.0",
      "dev": true,
      "license": "MIT",
      "dependencies": {
        "fast-deep-equal": "^3.1.1",
        "json-schema-traverse": "^1.0.0",
        "require-from-string": "^2.0.2",
        "uri-js": "^4.2.2"
      },
      "funding": {
        "type": "github",
        "url": "https://github.com/sponsors/epoberezkin"
      }
    },
    "node_modules/ansi-align": {
      "version": "3.0.1",
      "dev": true,
      "license": "ISC",
      "dependencies": {
        "string-width": "^4.1.0"
      }
    },
    "node_modules/ansi-align/node_modules/ansi-regex": {
      "version": "5.0.1",
      "dev": true,
      "license": "MIT",
      "engines": {
        "node": ">=8"
      }
    },
    "node_modules/ansi-align/node_modules/emoji-regex": {
      "version": "8.0.0",
      "dev": true,
      "license": "MIT"
    },
    "node_modules/ansi-align/node_modules/string-width": {
      "version": "4.2.3",
      "dev": true,
      "license": "MIT",
      "dependencies": {
        "emoji-regex": "^8.0.0",
        "is-fullwidth-code-point": "^3.0.0",
        "strip-ansi": "^6.0.1"
      },
      "engines": {
        "node": ">=8"
      }
    },
    "node_modules/ansi-align/node_modules/strip-ansi": {
      "version": "6.0.1",
      "dev": true,
      "license": "MIT",
      "dependencies": {
        "ansi-regex": "^5.0.1"
      },
      "engines": {
        "node": ">=8"
      }
    },
    "node_modules/ansi-regex": {
      "version": "6.0.1",
      "dev": true,
      "license": "MIT",
      "engines": {
        "node": ">=12"
      },
      "funding": {
        "url": "https://github.com/chalk/ansi-regex?sponsor=1"
      }
    },
    "node_modules/ansi-styles": {
      "version": "4.3.0",
      "dev": true,
      "license": "MIT",
      "dependencies": {
        "color-convert": "^2.0.1"
      },
      "engines": {
        "node": ">=8"
      },
      "funding": {
        "url": "https://github.com/chalk/ansi-styles?sponsor=1"
      }
    },
    "node_modules/arch": {
      "version": "2.2.0",
      "dev": true,
      "funding": [
        {
          "type": "github",
          "url": "https://github.com/sponsors/feross"
        },
        {
          "type": "patreon",
          "url": "https://www.patreon.com/feross"
        },
        {
          "type": "consulting",
          "url": "https://feross.org/support"
        }
      ],
      "license": "MIT"
    },
    "node_modules/arg": {
      "version": "5.0.2",
      "dev": true,
      "license": "MIT"
    },
    "node_modules/balanced-match": {
      "version": "1.0.2",
      "dev": true,
      "license": "MIT"
    },
    "node_modules/boxen": {
      "version": "7.0.0",
      "dev": true,
      "license": "MIT",
      "dependencies": {
        "ansi-align": "^3.0.1",
        "camelcase": "^7.0.0",
        "chalk": "^5.0.1",
        "cli-boxes": "^3.0.0",
        "string-width": "^5.1.2",
        "type-fest": "^2.13.0",
        "widest-line": "^4.0.1",
        "wrap-ansi": "^8.0.1"
      },
      "engines": {
        "node": ">=14.16"
      },
      "funding": {
        "url": "https://github.com/sponsors/sindresorhus"
      }
    },
    "node_modules/boxen/node_modules/chalk": {
      "version": "5.3.0",
      "dev": true,
      "license": "MIT",
      "engines": {
        "node": "^12.17.0 || ^14.13 || >=16.0.0"
      },
      "funding": {
        "url": "https://github.com/chalk/chalk?sponsor=1"
      }
    },
    "node_modules/brace-expansion": {
      "version": "1.1.11",
      "dev": true,
      "license": "MIT",
      "dependencies": {
        "balanced-match": "^1.0.0",
        "concat-map": "0.0.1"
      }
    },
    "node_modules/bytes": {
      "version": "3.0.0",
      "dev": true,
      "license": "MIT",
      "engines": {
        "node": ">= 0.8"
      }
    },
    "node_modules/camelcase": {
      "version": "7.0.1",
      "dev": true,
      "license": "MIT",
      "engines": {
        "node": ">=14.16"
      },
      "funding": {
        "url": "https://github.com/sponsors/sindresorhus"
      }
    },
    "node_modules/chalk": {
      "version": "5.0.1",
      "dev": true,
      "license": "MIT",
      "engines": {
        "node": "^12.17.0 || ^14.13 || >=16.0.0"
      },
      "funding": {
        "url": "https://github.com/chalk/chalk?sponsor=1"
      }
    },
    "node_modules/chalk-template": {
      "version": "0.4.0",
      "dev": true,
      "license": "MIT",
      "dependencies": {
        "chalk": "^4.1.2"
      },
      "engines": {
        "node": ">=12"
      },
      "funding": {
        "url": "https://github.com/chalk/chalk-template?sponsor=1"
      }
    },
    "node_modules/chalk-template/node_modules/chalk": {
      "version": "4.1.2",
      "dev": true,
      "license": "MIT",
      "dependencies": {
        "ansi-styles": "^4.1.0",
        "supports-color": "^7.1.0"
      },
      "engines": {
        "node": ">=10"
      },
      "funding": {
        "url": "https://github.com/chalk/chalk?sponsor=1"
      }
    },
    "node_modules/cli-boxes": {
      "version": "3.0.0",
      "dev": true,
      "license": "MIT",
      "engines": {
        "node": ">=10"
      },
      "funding": {
        "url": "https://github.com/sponsors/sindresorhus"
      }
    },
    "node_modules/clipboardy": {
      "version": "3.0.0",
      "dev": true,
      "license": "MIT",
      "dependencies": {
        "arch": "^2.2.0",
        "execa": "^5.1.1",
        "is-wsl": "^2.2.0"
      },
      "engines": {
        "node": "^12.20.0 || ^14.13.1 || >=16.0.0"
      },
      "funding": {
        "url": "https://github.com/sponsors/sindresorhus"
      }
    },
    "node_modules/color-convert": {
      "version": "2.0.1",
      "dev": true,
      "license": "MIT",
      "dependencies": {
        "color-name": "~1.1.4"
      },
      "engines": {
        "node": ">=7.0.0"
      }
    },
    "node_modules/color-name": {
      "version": "1.1.4",
      "dev": true,
      "license": "MIT"
    },
    "node_modules/compressible": {
      "version": "2.0.18",
      "dev": true,
      "license": "MIT",
      "dependencies": {
        "mime-db": ">= 1.43.0 < 2"
      },
      "engines": {
        "node": ">= 0.6"
      }
    },
    "node_modules/compression": {
      "version": "1.7.4",
      "dev": true,
      "license": "MIT",
      "dependencies": {
        "accepts": "~1.3.5",
        "bytes": "3.0.0",
        "compressible": "~2.0.16",
        "debug": "2.6.9",
        "on-headers": "~1.0.2",
        "safe-buffer": "5.1.2",
        "vary": "~1.1.2"
      },
      "engines": {
        "node": ">= 0.8.0"
      }
    },
    "node_modules/concat-map": {
      "version": "0.0.1",
      "dev": true,
      "license": "MIT"
    },
    "node_modules/content-disposition": {
      "version": "0.5.2",
      "dev": true,
      "license": "MIT",
      "engines": {
        "node": ">= 0.6"
      }
    },
    "node_modules/cross-spawn": {
      "version": "7.0.3",
      "dev": true,
      "license": "MIT",
      "dependencies": {
        "path-key": "^3.1.0",
        "shebang-command": "^2.0.0",
        "which": "^2.0.1"
      },
      "engines": {
        "node": ">= 8"
      }
    },
    "node_modules/debug": {
      "version": "2.6.9",
      "dev": true,
      "license": "MIT",
      "dependencies": {
        "ms": "2.0.0"
      }
    },
    "node_modules/deep-extend": {
      "version": "0.6.0",
      "dev": true,
      "license": "MIT",
      "engines": {
        "node": ">=4.0.0"
      }
    },
    "node_modules/eastasianwidth": {
      "version": "0.2.0",
      "dev": true,
      "license": "MIT"
    },
    "node_modules/emoji-regex": {
      "version": "9.2.2",
      "dev": true,
      "license": "MIT"
    },
    "node_modules/execa": {
      "version": "5.1.1",
      "dev": true,
      "license": "MIT",
      "dependencies": {
        "cross-spawn": "^7.0.3",
        "get-stream": "^6.0.0",
        "human-signals": "^2.1.0",
        "is-stream": "^2.0.0",
        "merge-stream": "^2.0.0",
        "npm-run-path": "^4.0.1",
        "onetime": "^5.1.2",
        "signal-exit": "^3.0.3",
        "strip-final-newline": "^2.0.0"
      },
      "engines": {
        "node": ">=10"
      },
      "funding": {
        "url": "https://github.com/sindresorhus/execa?sponsor=1"
      }
    },
    "node_modules/fast-deep-equal": {
      "version": "3.1.3",
      "dev": true,
      "license": "MIT"
    },
    "node_modules/fast-url-parser": {
      "version": "1.1.3",
      "dev": true,
      "license": "MIT",
      "dependencies": {
        "punycode": "^1.3.2"
      }
    },
    "node_modules/get-stream": {
      "version": "6.0.1",
      "dev": true,
      "license": "MIT",
      "engines": {
        "node": ">=10"
      },
      "funding": {
        "url": "https://github.com/sponsors/sindresorhus"
      }
    },
    "node_modules/has-flag": {
      "version": "4.0.0",
      "dev": true,
      "license": "MIT",
      "engines": {
        "node": ">=8"
      }
    },
    "node_modules/human-signals": {
      "version": "2.1.0",
      "dev": true,
      "license": "Apache-2.0",
      "engines": {
        "node": ">=10.17.0"
      }
    },
    "node_modules/ini": {
      "version": "1.3.8",
      "dev": true,
      "license": "ISC"
    },
    "node_modules/is-docker": {
      "version": "2.2.1",
      "dev": true,
      "license": "MIT",
      "bin": {
        "is-docker": "cli.js"
      },
      "engines": {
        "node": ">=8"
      },
      "funding": {
        "url": "https://github.com/sponsors/sindresorhus"
      }
    },
    "node_modules/is-fullwidth-code-point": {
      "version": "3.0.0",
      "dev": true,
      "license": "MIT",
      "engines": {
        "node": ">=8"
      }
    },
    "node_modules/is-port-reachable": {
      "version": "4.0.0",
      "dev": true,
      "license": "MIT",
      "engines": {
        "node": "^12.20.0 || ^14.13.1 || >=16.0.0"
      },
      "funding": {
        "url": "https://github.com/sponsors/sindresorhus"
      }
    },
    "node_modules/is-stream": {
      "version": "2.0.1",
      "dev": true,
      "license": "MIT",
      "engines": {
        "node": ">=8"
      },
      "funding": {
        "url": "https://github.com/sponsors/sindresorhus"
      }
    },
    "node_modules/is-wsl": {
      "version": "2.2.0",
      "dev": true,
      "license": "MIT",
      "dependencies": {
        "is-docker": "^2.0.0"
      },
      "engines": {
        "node": ">=8"
      }
    },
    "node_modules/isexe": {
      "version": "2.0.0",
      "dev": true,
      "license": "ISC"
    },
    "node_modules/json-schema-traverse": {
      "version": "1.0.0",
      "dev": true,
      "license": "MIT"
    },
    "node_modules/merge-stream": {
      "version": "2.0.0",
      "dev": true,
      "license": "MIT"
    },
    "node_modules/mime-db": {
      "version": "1.52.0",
      "dev": true,
      "license": "MIT",
      "engines": {
        "node": ">= 0.6"
      }
    },
    "node_modules/mime-types": {
      "version": "2.1.18",
      "dev": true,
      "license": "MIT",
      "dependencies": {
        "mime-db": "~1.33.0"
      },
      "engines": {
        "node": ">= 0.6"
      }
    },
    "node_modules/mime-types/node_modules/mime-db": {
      "version": "1.33.0",
      "dev": true,
      "license": "MIT",
      "engines": {
        "node": ">= 0.6"
      }
    },
    "node_modules/mimic-fn": {
      "version": "2.1.0",
      "dev": true,
      "license": "MIT",
      "engines": {
        "node": ">=6"
      }
    },
    "node_modules/minimatch": {
      "version": "3.1.2",
      "dev": true,
      "license": "ISC",
      "dependencies": {
        "brace-expansion": "^1.1.7"
      },
      "engines": {
        "node": "*"
      }
    },
    "node_modules/minimist": {
      "version": "1.2.8",
      "dev": true,
      "license": "MIT",
      "funding": {
        "url": "https://github.com/sponsors/ljharb"
      }
    },
    "node_modules/ms": {
      "version": "2.0.0",
      "dev": true,
      "license": "MIT"
    },
    "node_modules/negotiator": {
      "version": "0.6.3",
      "dev": true,
      "license": "MIT",
      "engines": {
        "node": ">= 0.6"
      }
    },
    "node_modules/npm-run-path": {
      "version": "4.0.1",
      "dev": true,
      "license": "MIT",
      "dependencies": {
        "path-key": "^3.0.0"
      },
      "engines": {
        "node": ">=8"
      }
    },
    "node_modules/on-headers": {
      "version": "1.0.2",
      "dev": true,
      "license": "MIT",
      "engines": {
        "node": ">= 0.8"
      }
    },
    "node_modules/onetime": {
      "version": "5.1.2",
      "dev": true,
      "license": "MIT",
      "dependencies": {
        "mimic-fn": "^2.1.0"
      },
      "engines": {
        "node": ">=6"
      },
      "funding": {
        "url": "https://github.com/sponsors/sindresorhus"
      }
    },
    "node_modules/path-is-inside": {
      "version": "1.0.2",
      "dev": true,
      "license": "(WTFPL OR MIT)"
    },
    "node_modules/path-key": {
      "version": "3.1.1",
      "dev": true,
      "license": "MIT",
      "engines": {
        "node": ">=8"
      }
    },
    "node_modules/path-to-regexp": {
      "version": "2.2.1",
      "dev": true,
      "license": "MIT"
    },
    "node_modules/punycode": {
      "version": "1.4.1",
      "dev": true,
      "license": "MIT"
    },
    "node_modules/range-parser": {
      "version": "1.2.0",
      "dev": true,
      "license": "MIT",
      "engines": {
        "node": ">= 0.6"
      }
    },
    "node_modules/rc": {
      "version": "1.2.8",
      "dev": true,
      "license": "(BSD-2-Clause OR MIT OR Apache-2.0)",
      "dependencies": {
        "deep-extend": "^0.6.0",
        "ini": "~1.3.0",
        "minimist": "^1.2.0",
        "strip-json-comments": "~2.0.1"
      },
      "bin": {
        "rc": "cli.js"
      }
    },
    "node_modules/registry-auth-token": {
      "version": "3.3.2",
      "dev": true,
      "license": "MIT",
      "dependencies": {
        "rc": "^1.1.6",
        "safe-buffer": "^5.0.1"
      }
    },
    "node_modules/registry-auth-token/node_modules/safe-buffer": {
      "version": "5.2.1",
      "dev": true,
      "funding": [
        {
          "type": "github",
          "url": "https://github.com/sponsors/feross"
        },
        {
          "type": "patreon",
          "url": "https://www.patreon.com/feross"
        },
        {
          "type": "consulting",
          "url": "https://feross.org/support"
        }
      ],
      "license": "MIT"
    },
    "node_modules/registry-url": {
      "version": "3.1.0",
      "dev": true,
      "license": "MIT",
      "dependencies": {
        "rc": "^1.0.1"
      },
      "engines": {
        "node": ">=0.10.0"
      }
    },
    "node_modules/require-from-string": {
      "version": "2.0.2",
      "dev": true,
      "license": "MIT",
      "engines": {
        "node": ">=0.10.0"
      }
    },
    "node_modules/safe-buffer": {
      "version": "5.1.2",
      "dev": true,
      "license": "MIT"
    },
    "node_modules/serve": {
      "version": "14.2.1",
      "dev": true,
      "license": "MIT",
      "dependencies": {
        "@zeit/schemas": "2.29.0",
        "ajv": "8.11.0",
        "arg": "5.0.2",
        "boxen": "7.0.0",
        "chalk": "5.0.1",
        "chalk-template": "0.4.0",
        "clipboardy": "3.0.0",
        "compression": "1.7.4",
        "is-port-reachable": "4.0.0",
        "serve-handler": "6.1.5",
        "update-check": "1.5.4"
      },
      "bin": {
        "serve": "build/main.js"
      },
      "engines": {
        "node": ">= 14"
      }
    },
    "node_modules/serve-handler": {
      "version": "6.1.5",
      "dev": true,
      "license": "MIT",
      "dependencies": {
        "bytes": "3.0.0",
        "content-disposition": "0.5.2",
        "fast-url-parser": "1.1.3",
        "mime-types": "2.1.18",
        "minimatch": "3.1.2",
        "path-is-inside": "1.0.2",
        "path-to-regexp": "2.2.1",
        "range-parser": "1.2.0"
      }
    },
    "node_modules/shebang-command": {
      "version": "2.0.0",
      "dev": true,
      "license": "MIT",
      "dependencies": {
        "shebang-regex": "^3.0.0"
      },
      "engines": {
        "node": ">=8"
      }
    },
    "node_modules/shebang-regex": {
      "version": "3.0.0",
      "dev": true,
      "license": "MIT",
      "engines": {
        "node": ">=8"
      }
    },
    "node_modules/signal-exit": {
      "version": "3.0.7",
      "dev": true,
      "license": "ISC"
    },
    "node_modules/string-width": {
      "version": "5.1.2",
      "dev": true,
      "license": "MIT",
      "dependencies": {
        "eastasianwidth": "^0.2.0",
        "emoji-regex": "^9.2.2",
        "strip-ansi": "^7.0.1"
      },
      "engines": {
        "node": ">=12"
      },
      "funding": {
        "url": "https://github.com/sponsors/sindresorhus"
      }
    },
    "node_modules/strip-ansi": {
      "version": "7.1.0",
      "dev": true,
      "license": "MIT",
      "dependencies": {
        "ansi-regex": "^6.0.1"
      },
      "engines": {
        "node": ">=12"
      },
      "funding": {
        "url": "https://github.com/chalk/strip-ansi?sponsor=1"
      }
    },
    "node_modules/strip-final-newline": {
      "version": "2.0.0",
      "dev": true,
      "license": "MIT",
      "engines": {
        "node": ">=6"
      }
    },
    "node_modules/strip-json-comments": {
      "version": "2.0.1",
      "dev": true,
      "license": "MIT",
      "engines": {
        "node": ">=0.10.0"
      }
    },
    "node_modules/supports-color": {
      "version": "7.2.0",
      "dev": true,
      "license": "MIT",
      "dependencies": {
        "has-flag": "^4.0.0"
      },
      "engines": {
        "node": ">=8"
      }
    },
    "node_modules/type-fest": {
      "version": "2.19.0",
      "dev": true,
      "license": "(MIT OR CC0-1.0)",
      "engines": {
        "node": ">=12.20"
      },
      "funding": {
        "url": "https://github.com/sponsors/sindresorhus"
      }
    },
    "node_modules/update-check": {
      "version": "1.5.4",
      "dev": true,
      "license": "MIT",
      "dependencies": {
        "registry-auth-token": "3.3.2",
        "registry-url": "3.1.0"
      }
    },
    "node_modules/uri-js": {
      "version": "4.4.1",
      "dev": true,
      "license": "BSD-2-Clause",
      "dependencies": {
        "punycode": "^2.1.0"
      }
    },
    "node_modules/uri-js/node_modules/punycode": {
      "version": "2.3.0",
      "dev": true,
      "license": "MIT",
      "engines": {
        "node": ">=6"
      }
    },
    "node_modules/vary": {
      "version": "1.1.2",
      "dev": true,
      "license": "MIT",
      "engines": {
        "node": ">= 0.8"
      }
    },
    "node_modules/which": {
      "version": "2.0.2",
      "dev": true,
      "license": "ISC",
      "dependencies": {
        "isexe": "^2.0.0"
      },
      "bin": {
        "node-which": "bin/node-which"
      },
      "engines": {
        "node": ">= 8"
      }
    },
    "node_modules/widest-line": {
      "version": "4.0.1",
      "dev": true,
      "license": "MIT",
      "dependencies": {
        "string-width": "^5.0.1"
      },
      "engines": {
        "node": ">=12"
      },
      "funding": {
        "url": "https://github.com/sponsors/sindresorhus"
      }
    },
    "node_modules/wrap-ansi": {
      "version": "8.1.0",
      "dev": true,
      "license": "MIT",
      "dependencies": {
        "ansi-styles": "^6.1.0",
        "string-width": "^5.0.1",
        "strip-ansi": "^7.0.1"
      },
      "engines": {
        "node": ">=12"
      },
      "funding": {
        "url": "https://github.com/chalk/wrap-ansi?sponsor=1"
      }
    },
    "node_modules/wrap-ansi/node_modules/ansi-styles": {
      "version": "6.2.1",
      "dev": true,
      "license": "MIT",
      "engines": {
        "node": ">=12"
      },
      "funding": {
        "url": "https://github.com/chalk/ansi-styles?sponsor=1"
      }
    }
  },
  "dependencies": {
    "@zeit/schemas": {
      "version": "2.29.0",
      "dev": true
    },
    "accepts": {
      "version": "1.3.8",
      "dev": true,
      "requires": {
        "mime-types": "~2.1.34",
        "negotiator": "0.6.3"
      },
      "dependencies": {
        "mime-types": {
          "version": "2.1.35",
          "dev": true,
          "requires": {
            "mime-db": "1.52.0"
          }
        }
      }
    },
    "ajv": {
      "version": "8.11.0",
      "dev": true,
      "requires": {
        "fast-deep-equal": "^3.1.1",
        "json-schema-traverse": "^1.0.0",
        "require-from-string": "^2.0.2",
        "uri-js": "^4.2.2"
      }
    },
    "ansi-align": {
      "version": "3.0.1",
      "dev": true,
      "requires": {
        "string-width": "^4.1.0"
      },
      "dependencies": {
        "ansi-regex": {
          "version": "5.0.1",
          "dev": true
        },
        "emoji-regex": {
          "version": "8.0.0",
          "dev": true
        },
        "string-width": {
          "version": "4.2.3",
          "dev": true,
          "requires": {
            "emoji-regex": "^8.0.0",
            "is-fullwidth-code-point": "^3.0.0",
            "strip-ansi": "^6.0.1"
          }
        },
        "strip-ansi": {
          "version": "6.0.1",
          "dev": true,
          "requires": {
            "ansi-regex": "^5.0.1"
          }
        }
      }
    },
    "ansi-regex": {
      "version": "6.0.1",
      "dev": true
    },
    "ansi-styles": {
      "version": "4.3.0",
      "dev": true,
      "requires": {
        "color-convert": "^2.0.1"
      }
    },
    "arch": {
      "version": "2.2.0",
      "dev": true
    },
    "arg": {
      "version": "5.0.2",
      "dev": true
    },
    "balanced-match": {
      "version": "1.0.2",
      "dev": true
    },
    "boxen": {
      "version": "7.0.0",
      "dev": true,
      "requires": {
        "ansi-align": "^3.0.1",
        "camelcase": "^7.0.0",
        "chalk": "^5.0.1",
        "cli-boxes": "^3.0.0",
        "string-width": "^5.1.2",
        "type-fest": "^2.13.0",
        "widest-line": "^4.0.1",
        "wrap-ansi": "^8.0.1"
      },
      "dependencies": {
        "chalk": {
          "version": "5.3.0",
          "dev": true
        }
      }
    },
    "brace-expansion": {
      "version": "1.1.11",
      "dev": true,
      "requires": {
        "balanced-match": "^1.0.0",
        "concat-map": "0.0.1"
      }
    },
    "bytes": {
      "version": "3.0.0",
      "dev": true
    },
    "camelcase": {
      "version": "7.0.1",
      "dev": true
    },
    "chalk": {
      "version": "5.0.1",
      "dev": true
    },
    "chalk-template": {
      "version": "0.4.0",
      "dev": true,
      "requires": {
        "chalk": "^4.1.2"
      },
      "dependencies": {
        "chalk": {
          "version": "4.1.2",
          "dev": true,
          "requires": {
            "ansi-styles": "^4.1.0",
            "supports-color": "^7.1.0"
          }
        }
      }
    },
    "cli-boxes": {
      "version": "3.0.0",
      "dev": true
    },
    "clipboardy": {
      "version": "3.0.0",
      "dev": true,
      "requires": {
        "arch": "^2.2.0",
        "execa": "^5.1.1",
        "is-wsl": "^2.2.0"
      }
    },
    "color-convert": {
      "version": "2.0.1",
      "dev": true,
      "requires": {
        "color-name": "~1.1.4"
      }
    },
    "color-name": {
      "version": "1.1.4",
      "dev": true
    },
    "compressible": {
      "version": "2.0.18",
      "dev": true,
      "requires": {
        "mime-db": ">= 1.43.0 < 2"
      }
    },
    "compression": {
      "version": "1.7.4",
      "dev": true,
      "requires": {
        "accepts": "~1.3.5",
        "bytes": "3.0.0",
        "compressible": "~2.0.16",
        "debug": "2.6.9",
        "on-headers": "~1.0.2",
        "safe-buffer": "5.1.2",
        "vary": "~1.1.2"
      }
    },
    "concat-map": {
      "version": "0.0.1",
      "dev": true
    },
    "content-disposition": {
      "version": "0.5.2",
      "dev": true
    },
    "cross-spawn": {
      "version": "7.0.3",
      "dev": true,
      "requires": {
        "path-key": "^3.1.0",
        "shebang-command": "^2.0.0",
        "which": "^2.0.1"
      }
    },
    "debug": {
      "version": "2.6.9",
      "dev": true,
      "requires": {
        "ms": "2.0.0"
      }
    },
    "deep-extend": {
      "version": "0.6.0",
      "dev": true
    },
    "eastasianwidth": {
      "version": "0.2.0",
      "dev": true
    },
    "emoji-regex": {
      "version": "9.2.2",
      "dev": true
    },
    "execa": {
      "version": "5.1.1",
      "dev": true,
      "requires": {
        "cross-spawn": "^7.0.3",
        "get-stream": "^6.0.0",
        "human-signals": "^2.1.0",
        "is-stream": "^2.0.0",
        "merge-stream": "^2.0.0",
        "npm-run-path": "^4.0.1",
        "onetime": "^5.1.2",
        "signal-exit": "^3.0.3",
        "strip-final-newline": "^2.0.0"
      }
    },
    "fast-deep-equal": {
      "version": "3.1.3",
      "dev": true
    },
    "fast-url-parser": {
      "version": "1.1.3",
      "dev": true,
      "requires": {
        "punycode": "^1.3.2"
      }
    },
    "get-stream": {
      "version": "6.0.1",
      "dev": true
    },
    "has-flag": {
      "version": "4.0.0",
      "dev": true
    },
    "human-signals": {
      "version": "2.1.0",
      "dev": true
    },
    "ini": {
      "version": "1.3.8",
      "dev": true
    },
    "is-docker": {
      "version": "2.2.1",
      "dev": true
    },
    "is-fullwidth-code-point": {
      "version": "3.0.0",
      "dev": true
    },
    "is-port-reachable": {
      "version": "4.0.0",
      "dev": true
    },
    "is-stream": {
      "version": "2.0.1",
      "dev": true
    },
    "is-wsl": {
      "version": "2.2.0",
      "dev": true,
      "requires": {
        "is-docker": "^2.0.0"
      }
    },
    "isexe": {
      "version": "2.0.0",
      "dev": true
    },
    "json-schema-traverse": {
      "version": "1.0.0",
      "dev": true
    },
    "merge-stream": {
      "version": "2.0.0",
      "dev": true
    },
    "mime-db": {
      "version": "1.52.0",
      "dev": true
    },
    "mime-types": {
      "version": "2.1.18",
      "dev": true,
      "requires": {
        "mime-db": "~1.33.0"
      },
      "dependencies": {
        "mime-db": {
          "version": "1.33.0",
          "dev": true
        }
      }
    },
    "mimic-fn": {
      "version": "2.1.0",
      "dev": true
    },
    "minimatch": {
      "version": "3.1.2",
      "dev": true,
      "requires": {
        "brace-expansion": "^1.1.7"
      }
    },
    "minimist": {
      "version": "1.2.8",
      "dev": true
    },
    "ms": {
      "version": "2.0.0",
      "dev": true
    },
    "negotiator": {
      "version": "0.6.3",
      "dev": true
    },
    "npm-run-path": {
      "version": "4.0.1",
      "dev": true,
      "requires": {
        "path-key": "^3.0.0"
      }
    },
    "on-headers": {
      "version": "1.0.2",
      "dev": true
    },
    "onetime": {
      "version": "5.1.2",
      "dev": true,
      "requires": {
        "mimic-fn": "^2.1.0"
      }
    },
    "path-is-inside": {
      "version": "1.0.2",
      "dev": true
    },
    "path-key": {
      "version": "3.1.1",
      "dev": true
    },
    "path-to-regexp": {
      "version": "2.2.1",
      "dev": true
    },
    "punycode": {
      "version": "1.4.1",
      "dev": true
    },
    "range-parser": {
      "version": "1.2.0",
      "dev": true
    },
    "rc": {
      "version": "1.2.8",
      "dev": true,
      "requires": {
        "deep-extend": "^0.6.0",
        "ini": "~1.3.0",
        "minimist": "^1.2.0",
        "strip-json-comments": "~2.0.1"
      }
    },
    "registry-auth-token": {
      "version": "3.3.2",
      "dev": true,
      "requires": {
        "rc": "^1.1.6",
        "safe-buffer": "^5.0.1"
      },
      "dependencies": {
        "safe-buffer": {
          "version": "5.2.1",
          "dev": true
        }
      }
    },
    "registry-url": {
      "version": "3.1.0",
      "dev": true,
      "requires": {
        "rc": "^1.0.1"
      }
    },
    "require-from-string": {
      "version": "2.0.2",
      "dev": true
    },
    "safe-buffer": {
      "version": "5.1.2",
      "dev": true
    },
    "serve": {
      "version": "14.2.1",
      "dev": true,
      "requires": {
        "@zeit/schemas": "2.29.0",
        "ajv": "8.11.0",
        "arg": "5.0.2",
        "boxen": "7.0.0",
        "chalk": "5.0.1",
        "chalk-template": "0.4.0",
        "clipboardy": "3.0.0",
        "compression": "1.7.4",
        "is-port-reachable": "4.0.0",
        "serve-handler": "6.1.5",
        "update-check": "1.5.4"
      }
    },
    "serve-handler": {
      "version": "6.1.5",
      "dev": true,
      "requires": {
        "bytes": "3.0.0",
        "content-disposition": "0.5.2",
        "fast-url-parser": "1.1.3",
        "mime-types": "2.1.18",
        "minimatch": "3.1.2",
        "path-is-inside": "1.0.2",
        "path-to-regexp": "2.2.1",
        "range-parser": "1.2.0"
      }
    },
    "shebang-command": {
      "version": "2.0.0",
      "dev": true,
      "requires": {
        "shebang-regex": "^3.0.0"
      }
    },
    "shebang-regex": {
      "version": "3.0.0",
      "dev": true
    },
    "signal-exit": {
      "version": "3.0.7",
      "dev": true
    },
    "string-width": {
      "version": "5.1.2",
      "dev": true,
      "requires": {
        "eastasianwidth": "^0.2.0",
        "emoji-regex": "^9.2.2",
        "strip-ansi": "^7.0.1"
      }
    },
    "strip-ansi": {
      "version": "7.1.0",
      "dev": true,
      "requires": {
        "ansi-regex": "^6.0.1"
      }
    },
    "strip-final-newline": {
      "version": "2.0.0",
      "dev": true
    },
    "strip-json-comments": {
      "version": "2.0.1",
      "dev": true
    },
    "supports-color": {
      "version": "7.2.0",
      "dev": true,
      "requires": {
        "has-flag": "^4.0.0"
      }
    },
    "type-fest": {
      "version": "2.19.0",
      "dev": true
    },
    "update-check": {
      "version": "1.5.4",
      "dev": true,
      "requires": {
        "registry-auth-token": "3.3.2",
        "registry-url": "3.1.0"
      }
    },
    "uri-js": {
      "version": "4.4.1",
      "dev": true,
      "requires": {
        "punycode": "^2.1.0"
      },
      "dependencies": {
        "punycode": {
          "version": "2.3.0",
          "dev": true
        }
      }
    },
    "vary": {
      "version": "1.1.2",
      "dev": true
    },
    "which": {
      "version": "2.0.2",
      "dev": true,
      "requires": {
        "isexe": "^2.0.0"
      }
    },
    "widest-line": {
      "version": "4.0.1",
      "dev": true,
      "requires": {
        "string-width": "^5.0.1"
      }
    },
    "wrap-ansi": {
      "version": "8.1.0",
      "dev": true,
      "requires": {
        "ansi-styles": "^6.1.0",
        "string-width": "^5.0.1",
        "strip-ansi": "^7.0.1"
      },
      "dependencies": {
        "ansi-styles": {
          "version": "6.2.1",
          "dev": true
        }
      }
    }
  }
}
